
Microsoft Visual Studio Solution File, Format Version 12.00
# Visual Studio Version 17
VisualStudioVersion = 17.2.32616.157
MinimumVisualStudioVersion = 10.0.40219.1
Project("{FAE04EC0-301F-11D3-BF4B-00C04F79EFBC}") = "TcKimlikNumarasiDogrulama", "TcKimlikNumarasiDogrulama\TcKimlikNumarasiDogrulama.csproj", "{1A346F70-A5DC-4966-9328-4E46361AF782}"
EndProject
Global
	GlobalSection(SolutionConfigurationPlatforms) = preSolution
		Debug|Any CPU = Debug|Any CPU
		Release|Any CPU = Release|Any CPU
	EndGlobalSection
	GlobalSection(ProjectConfigurationPlatforms) = postSolution
		{1A346F70-A5DC-4966-9328-4E46361AF782}.Debug|Any CPU.ActiveCfg = Debug|Any CPU
		{1A346F70-A5DC-4966-9328-4E46361AF782}.Debug|Any CPU.Build.0 = Debug|Any CPU
		{1A346F70-A5DC-4966-9328-4E46361AF782}.Release|Any CPU.ActiveCfg = Release|Any CPU
		{1A346F70-A5DC-4966-9328-4E46361AF782}.Release|Any CPU.Build.0 = Release|Any CPU
	EndGlobalSection
	GlobalSection(SolutionProperties) = preSolution
		HideSolutionNode = FALSE
	EndGlobalSection
	GlobalSection(ExtensibilityGlobals) = postSolution
		SolutionGuid = {436C2D44-B876-4FC3-B514-B109ED6A6323}
	EndGlobalSection
EndGlobal
